
Microsoft Visual Studio Solution File, Format Version 12.00
# Visual Studio Version 17
VisualStudioVersion = 17.11.35222.181
MinimumVisualStudioVersion = 10.0.40219.1
Project("{FAE04EC0-301F-11D3-BF4B-00C04F79EFBC}") = "EasyKart.Api.Media", "EasyKart.Api.Media\EasyKart.Api.Media.csproj", "{44620068-C221-460A-88DC-D47D2B7DE84A}"
EndProject
Global
	GlobalSection(SolutionConfigurationPlatforms) = preSolution
		Debug|Any CPU = Debug|Any CPU
		Release|Any CPU = Release|Any CPU
	EndGlobalSection
	GlobalSection(ProjectConfigurationPlatforms) = postSolution
		{44620068-C221-460A-88DC-D47D2B7DE84A}.Debug|Any CPU.ActiveCfg = Debug|Any CPU
		{44620068-C221-460A-88DC-D47D2B7DE84A}.Debug|Any CPU.Build.0 = Debug|Any CPU
		{44620068-C221-460A-88DC-D47D2B7DE84A}.Release|Any CPU.ActiveCfg = Release|Any CPU
		{44620068-C221-460A-88DC-D47D2B7DE84A}.Release|Any CPU.Build.0 = Release|Any CPU
	EndGlobalSection
	GlobalSection(SolutionProperties) = preSolution
		HideSolutionNode = FALSE
	EndGlobalSection
	GlobalSection(ExtensibilityGlobals) = postSolution
		SolutionGuid = {CD64F28E-50A1-4FF0-912E-6094E7CE298E}
	EndGlobalSection
EndGlobal
